NeoBundleLock AnsiEsc.vim d2bb7878622e4c16203acf1c92a0f4bc7ac58003
NeoBundleLock Gist.vim 7f279e51590494a9b6af1180770e0b5f46d3a13b
NeoBundleLock The-NERD-Commenter 49ad4597dd8ed8ecb210ba9cbc9f42a5f47adb35
NeoBundleLock The-NERD-tree e5d1943ecacaa62f2666c067b14e5777f8e5b0f3
NeoBundleLock jscomplete-vim d3af71c06a07f1285f3a6f82b032f3c8fb9744eb
NeoBundleLock neobundle.vim bb8cdbb5d7d9738df787a2d1f74bd9baeb762e2d
NeoBundleLock unite.vim bb2654fdcf79383216b1707c021351a05b630985
NeoBundleLock vim-indent-guides 705c5fdf0d79d6efa5b07997fb92b0d2f767e09a
NeoBundleLock vim-nodejs-complete 1e2f98f4366c6dec27fa8df72971fa9fa33e9f07
NeoBundleLock vim-trailing-whitespace 733fb64337b6da4a51c85a43450cd620d8b617b5
NeoBundleLock vimproc 9269f3861a767733cc4d9fc44668e98fabcca7e9
